{
  "name": "webpack-graphql-loader",
  "version": "1.0.2",
  "lockfileVersion": 1,
  "requires": true,
  "dependencies": {
    "@apollo/federation": {
      "version": "0.11.2",
      "resolved": "https://registry.npmjs.org/@apollo/federation/-/federation-0.11.2.tgz",
      "integrity": "sha512-MSMBGOS9lAE0K4VmV/3mkd2qfLQTGt2OcsryRNbGMXr9gUVZDtM9quD5JUQoENkz9YFwcOY9jI+i/X5J+Fcw6A==",
      "requires": {
        "apollo-graphql": "^0.3.4",
        "apollo-server-env": "^2.4.3",
        "core-js": "^3.4.0",
        "lodash.xorby": "^4.7.0"
      }
    },
    "@apollographql/apollo-tools": {
      "version": "0.4.3",
      "resolved": "https://registry.npmjs.org/@apollographql/apollo-tools/-/apollo-tools-0.4.3.tgz",
      "integrity": "sha512-CtC1bmohB1owdGMT2ZZKacI94LcPAZDN2WvCe+4ZXT5d7xO5PHOAb70EP/LcFbvnS8QI+pkYRSCGFQnUcv9efg==",
      "requires": {
        "apollo-env": "^0.6.1"
      }
    },
    "@apollographql/graphql-language-service-interface": {
      "version": "2.0.2",
      "resolved": "https://registry.npmjs.org/@apollographql/graphql-language-service-interface/-/graphql-language-service-interface-2.0.2.tgz",
      "integrity": "sha512-28wePK0hlIVjgmvMXMAUq8qRSjz9O+6lqFp4PzOTHtfJfSsjVe9EfjF98zTpHsTgT3HcOxmbqDZZy8jlXtOqEA==",
      "requires": {
        "@apollographql/graphql-language-service-parser": "^2.0.0",
        "@apollographql/graphql-language-service-types": "^2.0.0",
        "@apollographql/graphql-language-service-utils": "^2.0.2"
      }
    },
    "@apollographql/graphql-language-service-parser": {
      "version": "2.0.2",
      "resolved": "https://registry.npmjs.org/@apollographql/graphql-language-service-parser/-/graphql-language-service-parser-2.0.2.tgz",
      "integrity": "sha512-rpTPrEJu1PMaRQxz5P8BZWsixNNhYloS0H0dwTxNBuE3qctbARvR7o8UCKLsmKgTbo+cz3T3a6IAsWlkHgMWGg==",
      "requires": {
        "@apollographql/graphql-language-service-types": "^2.0.0"
      }
    },
    "@apollographql/graphql-language-service-types": {
      "version": "2.0.2",
      "resolved": "https://registry.npmjs.org/@apollographql/graphql-language-service-types/-/graphql-language-service-types-2.0.2.tgz",
      "integrity": "sha512-vE+Dz8pG+Xa1Z2nMl82LoO66lQ6JqBUjaXqLDvS3eMjvA3N4hf+YUDOWfPdNZ0zjhHhHXzUIIZCkax6bXfFbzQ=="
    },
    "@apollographql/graphql-language-service-utils": {
      "version": "2.0.2",
      "resolved": "https://registry.npmjs.org/@apollographql/graphql-language-service-utils/-/graphql-language-service-utils-2.0.2.tgz",
      "integrity": "sha512-fDj5rWlTi/czvUS5t7V7I45Ai6bOO3Z7JARYj21Y2xxfbRGtJi6h8FvLX0N/EbzQgo/fiZc/HAhtfwn+OCjD7A==",
      "requires": {
        "@apollographql/graphql-language-service-types": "^2.0.0"
      }
    },
    "@babel/generator": {
      "version": "7.7.7",
      "resolved": "https://registry.npmjs.org/@babel/generator/-/generator-7.7.7.tgz",
      "integrity": "sha512-/AOIBpHh/JU1l0ZFS4kiRCBnLi6OTHzh0RPk3h9isBxkkqELtQNFi1Vr/tiG9p1yfoUdKVwISuXWQR+hwwM4VQ==",
      "requires": {
        "@babel/types": "^7.7.4",
        "jsesc": "^2.5.1",
        "lodash": "^4.17.13",
        "source-map": "^0.5.0"
      }
    },
    "@babel/parser": {
      "version": "7.8.3",
      "resolved": "https://registry.npmjs.org/@babel/parser/-/parser-7.8.3.tgz",
      "integrity": "sha512-/V72F4Yp/qmHaTALizEm9Gf2eQHV3QyTL3K0cNfijwnMnb1L+LDlAubb/ZnSdGAVzVSWakujHYs1I26x66sMeQ=="
    },
    "@babel/types": {
      "version": "7.7.4",
      "resolved": "https://registry.npmjs.org/@babel/types/-/types-7.7.4.tgz",
      "integrity": "sha512-cz5Ji23KCi4T+YIE/BolWosrJuSmoZeN1EFnRtBwF+KKLi8GG/Z2c2hOJJeCXPk4mwk4QFvTmwIodJowXgttRA==",
      "requires": {
        "esutils": "^2.0.2",
        "lodash": "^4.17.13",
        "to-fast-properties": "^2.0.0"
      }
    },
    "@endemolshinegroup/cosmiconfig-typescript-loader": {
      "version": "1.0.1",
      "resolved": "https://registry.npmjs.org/@endemolshinegroup/cosmiconfig-typescript-loader/-/cosmiconfig-typescript-loader-1.0.1.tgz",
      "integrity": "sha512-bhUR9035PbgL6A/nfLayjoqKo4W7hCtzxqVxq2cgDB+Ndpsa3dGIr71/ymgY3vCTCQaufkFxAcEeoECyJ498CA==",
      "requires": {
        "lodash.get": "^4",
        "make-error": "^1",
        "ts-node": "^8",
        "tslib": "^1"
      },
      "dependencies": {
        "ts-node": {
          "version": "8.6.2",
          "resolved": "https://registry.npmjs.org/ts-node/-/ts-node-8.6.2.tgz",
          "integrity": "sha512-4mZEbofxGqLL2RImpe3zMJukvEvcO1XP8bj8ozBPySdCUXEcU5cIRwR0aM3R+VoZq7iXc8N86NC0FspGRqP4gg==",
          "requires": {
            "arg": "^4.1.0",
            "diff": "^4.0.1",
            "make-error": "^1.1.1",
            "source-map-support": "^0.5.6",
            "yn": "3.1.1"
          }
        }
      }
    },
    "@types/loader-utils": {
      "version": "1.1.3",
      "resolved": "https://registry.npmjs.org/@types/loader-utils/-/loader-utils-1.1.3.tgz",
      "integrity": "sha512-euKGFr2oCB3ASBwG39CYJMR3N9T0nanVqXdiH7Zu/Nqddt6SmFRxytq/i2w9LQYNQekEtGBz+pE3qG6fQTNvRg==",
      "dev": true,
      "requires": {
        "@types/node": "*",
        "@types/webpack": "*"
      }
    },
    "@types/memory-fs": {
      "version": "0.3.2",
      "resolved": "https://registry.npmjs.org/@types/memory-fs/-/memory-fs-0.3.2.tgz",
      "integrity": "sha512-j5AcZo7dbMxHoOimcHEIh0JZe5e1b8q8AqGSpZJrYc7xOgCIP79cIjTdx5jSDLtySnQDwkDTqwlC7Xw7uXw7qg==",
      "dev": true,
      "requires": {
        "@types/node": "*"
      }
    },
    "@types/node": {
      "version": "8.10.59",
      "resolved": "https://registry.npmjs.org/@types/node/-/node-8.10.59.tgz",
      "integrity": "sha512-8RkBivJrDCyPpBXhVZcjh7cQxVBSmRk9QM7hOketZzp6Tg79c0N8kkpAIito9bnJ3HCVCHVYz+KHTEbfQNfeVQ==",
      "dev": true
    },
    "@types/node-fetch": {
      "version": "2.5.4",
      "resolved": "https://registry.npmjs.org/@types/node-fetch/-/node-fetch-2.5.4.tgz",
      "integrity": "sha512-Oz6id++2qAOFuOlE1j0ouk1dzl3mmI1+qINPNBhi9nt/gVOz0G+13Ao6qjhdF0Ys+eOkhu6JnFmt38bR3H0POQ==",
      "requires": {
        "@types/node": "*"
      },
      "dependencies": {
        "@types/node": {
          "version": "13.1.8",
          "resolved": "https://registry.npmjs.org/@types/node/-/node-13.1.8.tgz",
          "integrity": "sha512-6XzyyNM9EKQW4HKuzbo/CkOIjn/evtCmsU+MUM1xDfJ+3/rNjBttM1NgN7AOQvN6tP1Sl1D1PIKMreTArnxM9A=="
        }
      }
    },
    "@types/tapable": {
      "version": "0.2.5",
      "resolved": "https://registry.npmjs.org/@types/tapable/-/tapable-0.2.5.tgz",
      "integrity": "sha512-dEoVvo/I9QFomyhY+4Q6Qk+I+dhG59TYceZgC6Q0mCifVPErx6Y83PNTKGDS5e9h9Eti6q0S2mm16BU6iQK+3w==",
      "dev": true
    },
    "@types/uglify-js": {
      "version": "3.0.4",
      "resolved": "https://registry.npmjs.org/@types/uglify-js/-/uglify-js-3.0.4.tgz",
      "integrity": "sha512-SudIN9TRJ+v8g5pTG8RRCqfqTMNqgWCKKd3vtynhGzkIIjxaicNAMuY5TRadJ6tzDu3Dotf3ngaMILtmOdmWEQ==",
      "dev": true,
      "requires": {
        "source-map": "^0.6.1"
      },
      "dependencies": {
        "source-map": {
          "version": "0.6.1",
          "resolved": "https://registry.npmjs.org/source-map/-/source-map-0.6.1.tgz",
          "integrity": "sha512-UjgapumWlbMhkBgzT7Ykc5YXUT46F0iKu8SGXq0bcwP5dz/h0Plj6enJqjz1Zbq2l5WaqYnrVbwWOWMyF3F47g==",
          "dev": true
        }
      }
    },
    "@types/webpack": {
      "version": "3.8.18",
      "resolved": "https://registry.npmjs.org/@types/webpack/-/webpack-3.8.18.tgz",
      "integrity": "sha512-qRk84mxsmMImpDAS7WHwdVSUabNSvdYD9M15U7OXaEo+ZkMW6zmdwmZRWr8SF6ZAA93ppkh5lNky5TiCuqcfAA==",
      "dev": true,
      "requires": {
        "@types/node": "*",
        "@types/tapable": "^0",
        "@types/uglify-js": "*",
        "source-map": "^0.6.0"
      },
      "dependencies": {
        "source-map": {
          "version": "0.6.1",
          "resolved": "https://registry.npmjs.org/source-map/-/source-map-0.6.1.tgz",
          "integrity": "sha512-UjgapumWlbMhkBgzT7Ykc5YXUT46F0iKu8SGXq0bcwP5dz/h0Plj6enJqjz1Zbq2l5WaqYnrVbwWOWMyF3F47g==",
          "dev": true
        }
      }
    },
    "@wry/equality": {
      "version": "0.1.9",
      "resolved": "https://registry.npmjs.org/@wry/equality/-/equality-0.1.9.tgz",
      "integrity": "sha512-mB6ceGjpMGz1ZTza8HYnrPGos2mC6So4NhS1PtZ8s4Qt0K7fBiIGhpSxUbQmhwcSWE3no+bYxmI2OL6KuXYmoQ==",
      "requires": {
        "tslib": "^1.9.3"
      }
    },
    "apollo-codegen-core": {
      "version": "0.35.10",
      "resolved": "https://registry.npmjs.org/apollo-codegen-core/-/apollo-codegen-core-0.35.10.tgz",
      "integrity": "sha512-L/eZdX1mXXRQlLEXi9QThZpQVHHWLzV3VXOQJ1e1l+zR/hm7XzR4hVjfiGVdwrxcbZCd7mA8Eku81SIEsnK38w==",
      "requires": {
        "@babel/generator": "7.7.7",
        "@babel/parser": "^7.1.3",
        "@babel/types": "7.7.4",
        "apollo-env": "^0.6.1",
        "apollo-language-server": "^1.18.0",
        "ast-types": "^0.13.0",
        "common-tags": "^1.5.1",
        "recast": "^0.18.0"
      }
    },
    "apollo-codegen-typescript": {
      "version": "0.35.10",
      "resolved": "https://registry.npmjs.org/apollo-codegen-typescript/-/apollo-codegen-typescript-0.35.10.tgz",
      "integrity": "sha512-53NczfGhwmRTAZhhrwsLM4o2s2H0iGJIDABJ1KnSKgcwCfBmXqQ8esnq8sHW+O9Qjvff961Sm8gTQRXf3PU5Jg==",
      "requires": {
        "@babel/generator": "7.7.7",
        "@babel/types": "7.7.4",
        "apollo-codegen-core": "^0.35.10",
        "change-case": "^3.0.1",
        "common-tags": "^1.5.1",
        "inflected": "^2.0.3"
      }
    },
    "apollo-datasource": {
      "version": "0.6.4",
      "resolved": "https://registry.npmjs.org/apollo-datasource/-/apollo-datasource-0.6.4.tgz",
      "integrity": "sha512-u4eu6Q94q6KuZacZfdo4vCevA81F4QWeTYEXUvoksQMJpiacPHHe0DJrofKVKvxngUp5kCi1RnPXSc6kBY+/oA==",
      "requires": {
        "apollo-server-caching": "^0.5.1",
        "apollo-server-env": "^2.4.3"
      }
    },
    "apollo-env": {
      "version": "0.6.1",
      "resolved": "https://registry.npmjs.org/apollo-env/-/apollo-env-0.6.1.tgz",
      "integrity": "sha512-B9BgpQGR1ndeDtb4Gtor0J4CITQ+OPACZrVW6lgStnljKEe9ZB76DZ1dAd3OCeizAswW6Lo9uvfK8jhVS5nBhQ==",
      "requires": {
        "@types/node-fetch": "2.5.4",
        "core-js": "^3.0.1",
        "node-fetch": "^2.2.0",
        "sha.js": "^2.4.11"
      }
    },
    "apollo-graphql": {
      "version": "0.3.7",
      "resolved": "https://registry.npmjs.org/apollo-graphql/-/apollo-graphql-0.3.7.tgz",
      "integrity": "sha512-ghW16xx9tRcyL38Pw6G5OidMnYn+CNUGZWmvqQgEO2nRy4T0ONPZZBOvGrIMtJQ70oEykNMKGm0zm6PdHdxd8Q==",
      "requires": {
        "apollo-env": "^0.6.1",
        "lodash.sortby": "^4.7.0"
      }
    },
    "apollo-language-server": {
      "version": "1.18.0",
      "resolved": "https://registry.npmjs.org/apollo-language-server/-/apollo-language-server-1.18.0.tgz",
      "integrity": "sha512-4hWOaC7eVJnLgfssFQ+deLTssoHFL/bUnDBSf5UrxfouRpKExNjelWdsLgZulhKKUFdA4sEhhxR//opK95+9aQ==",
      "requires": {
        "@apollo/federation": "0.11.2",
        "@apollographql/apollo-tools": "^0.4.3",
        "@apollographql/graphql-language-service-interface": "^2.0.2",
        "@endemolshinegroup/cosmiconfig-typescript-loader": "^1.0.0",
        "apollo-datasource": "^0.6.0",
        "apollo-env": "^0.6.1",
        "apollo-graphql": "^0.3.7",
        "apollo-link": "^1.2.3",
        "apollo-link-context": "^1.0.9",
        "apollo-link-error": "^1.1.1",
        "apollo-link-http": "^1.5.5",
        "apollo-server-errors": "^2.0.2",
        "await-to-js": "^2.0.1",
        "core-js": "^3.0.1",
        "cosmiconfig": "^5.0.6",
        "dotenv": "^8.0.0",
        "glob": "^7.1.3",
        "graphql": "14.0.2 - 14.2.0 || ^14.3.1",
        "graphql-tag": "^2.10.1",
        "lodash.debounce": "^4.0.8",
        "lodash.merge": "^4.6.1",
        "minimatch": "^3.0.4",
        "moment": "^2.24.0",
        "vscode-languageserver": "^5.1.0",
        "vscode-uri": "1.0.6"
      },
      "dependencies": {
        "graphql": {
          "version": "14.5.8",
          "resolved": "https://registry.npmjs.org/graphql/-/graphql-14.5.8.tgz",
          "integrity": "sha512-MMwmi0zlVLQKLdGiMfWkgQD7dY/TUKt4L+zgJ/aR0Howebod3aNgP5JkgvAULiR2HPVZaP2VEElqtdidHweLkg==",
          "requires": {
            "iterall": "^1.2.2"
          }
        }
      }
    },
    "apollo-link": {
      "version": "1.2.13",
      "resolved": "https://registry.npmjs.org/apollo-link/-/apollo-link-1.2.13.tgz",
      "integrity": "sha512-+iBMcYeevMm1JpYgwDEIDt/y0BB7VWyvlm/7x+TIPNLHCTCMgcEgDuW5kH86iQZWo0I7mNwQiTOz+/3ShPFmBw==",
      "requires": {
        "apollo-utilities": "^1.3.0",
        "ts-invariant": "^0.4.0",
        "tslib": "^1.9.3",
        "zen-observable-ts": "^0.8.20"
      }
    },
    "apollo-link-context": {
      "version": "1.0.19",
      "resolved": "https://registry.npmjs.org/apollo-link-context/-/apollo-link-context-1.0.19.tgz",
      "integrity": "sha512-TUi5TyufU84hEiGkpt+5gdH5HkB3Gx46npNfoxR4of3DKBCMuItGERt36RCaryGcU/C3u2zsICU3tJ+Z9LjFoQ==",
      "requires": {
        "apollo-link": "^1.2.13",
        "tslib": "^1.9.3"
      }
    },
    "apollo-link-error": {
      "version": "1.1.12",
      "resolved": "https://registry.npmjs.org/apollo-link-error/-/apollo-link-error-1.1.12.tgz",
      "integrity": "sha512-psNmHyuy3valGikt/XHJfe0pKJnRX19tLLs6P6EHRxg+6q6JMXNVLYPaQBkL0FkwdTCB0cbFJAGRYCBviG8TDA==",
      "requires": {
        "apollo-link": "^1.2.13",
        "apollo-link-http-common": "^0.2.15",
        "tslib": "^1.9.3"
      }
    },
    "apollo-link-http": {
      "version": "1.5.16",
      "resolved": "https://registry.npmjs.org/apollo-link-http/-/apollo-link-http-1.5.16.tgz",
      "integrity": "sha512-IA3xA/OcrOzINRZEECI6IdhRp/Twom5X5L9jMehfzEo2AXdeRwAMlH5LuvTZHgKD8V1MBnXdM6YXawXkTDSmJw==",
      "requires": {
        "apollo-link": "^1.2.13",
        "apollo-link-http-common": "^0.2.15",
        "tslib": "^1.9.3"
      }
    },
    "apollo-link-http-common": {
      "version": "0.2.15",
      "resolved": "https://registry.npmjs.org/apollo-link-http-common/-/apollo-link-http-common-0.2.15.tgz",
      "integrity": "sha512-+Heey4S2IPsPyTf8Ag3PugUupASJMW894iVps6hXbvwtg1aHSNMXUYO5VG7iRHkPzqpuzT4HMBanCTXPjtGzxg==",
      "requires": {
        "apollo-link": "^1.2.13",
        "ts-invariant": "^0.4.0",
        "tslib": "^1.9.3"
      }
    },
    "apollo-server-caching": {
      "version": "0.5.1",
      "resolved": "https://registry.npmjs.org/apollo-server-caching/-/apollo-server-caching-0.5.1.tgz",
      "integrity": "sha512-L7LHZ3k9Ao5OSf2WStvQhxdsNVplRQi7kCAPfqf9Z3GBEnQ2uaL0EgO0hSmtVHfXTbk5CTRziMT1Pe87bXrFIw==",
      "requires": {
        "lru-cache": "^5.0.0"
      }
    },
    "apollo-server-env": {
      "version": "2.4.3",
      "resolved": "https://registry.npmjs.org/apollo-server-env/-/apollo-server-env-2.4.3.tgz",
      "integrity": "sha512-23R5Xo9OMYX0iyTu2/qT0EUb+AULCBriA9w8HDfMoChB8M+lFClqUkYtaTTHDfp6eoARLW8kDBhPOBavsvKAjA==",
      "requires": {
        "node-fetch": "^2.1.2",
        "util.promisify": "^1.0.0"
      }
    },
    "apollo-server-errors": {
      "version": "2.3.4",
      "resolved": "https://registry.npmjs.org/apollo-server-errors/-/apollo-server-errors-2.3.4.tgz",
      "integrity": "sha512-Y0PKQvkrb2Kd18d1NPlHdSqmlr8TgqJ7JQcNIfhNDgdb45CnqZlxL1abuIRhr8tiw8OhVOcFxz2KyglBi8TKdA=="
    },
    "apollo-utilities": {
      "version": "1.3.3",
      "resolved": "https://registry.npmjs.org/apollo-utilities/-/apollo-utilities-1.3.3.tgz",
      "integrity": "sha512-F14aX2R/fKNYMvhuP2t9GD9fggID7zp5I96MF5QeKYWDWTrkRdHRp4+SVfXUVN+cXOaB/IebfvRtzPf25CM0zw==",
      "requires": {
        "@wry/equality": "^0.1.2",
        "fast-json-stable-stringify": "^2.0.0",
        "ts-invariant": "^0.4.0",
        "tslib": "^1.10.0"
      }
    },
    "arg": {
      "version": "4.1.2",
      "resolved": "https://registry.npmjs.org/arg/-/arg-4.1.2.tgz",
      "integrity": "sha512-+ytCkGcBtHZ3V2r2Z06AncYO8jz46UEamcspGoU8lHcEbpn6J77QK0vdWvChsclg/tM5XIJC5tnjmPp7Eq6Obg=="
    },
    "argparse": {
      "version": "1.0.10",
      "resolved": "https://registry.npmjs.org/argparse/-/argparse-1.0.10.tgz",
      "integrity": "sha512-o5Roy6tNG4SL/FOkCAN6RzjiakZS25RLYFrcMttJqbdd8BWrnA+fGz57iN5Pb06pvBGvl5gQ0B48dJlslXvoTg==",
      "requires": {
        "sprintf-js": "~1.0.2"
      }
    },
    "ast-types": {
      "version": "0.13.2",
      "resolved": "https://registry.npmjs.org/ast-types/-/ast-types-0.13.2.tgz",
      "integrity": "sha512-uWMHxJxtfj/1oZClOxDEV1sQ1HCDkA4MG8Gr69KKeBjEVH0R84WlejZ0y2DcwyBlpAEMltmVYkVgqfLFb2oyiA=="
    },
    "await-to-js": {
      "version": "2.1.1",
      "resolved": "https://registry.npmjs.org/await-to-js/-/await-to-js-2.1.1.tgz",
      "integrity": "sha512-CHBC6gQGCIzjZ09tJ+XmpQoZOn4GdWePB4qUweCaKNJ0D3f115YdhmYVTZ4rMVpiJ3cFzZcTYK1VMYEICV4YXw=="
    },
    "balanced-match": {
      "version": "1.0.0",
      "resolved": "https://registry.npmjs.org/balanced-match/-/balanced-match-1.0.0.tgz",
      "integrity": "sha1-ibTRmasr7kneFk6gK4nORi1xt2c="
    },
    "big.js": {
      "version": "5.2.2",
      "resolved": "https://registry.npmjs.org/big.js/-/big.js-5.2.2.tgz",
      "integrity": "sha512-vyL2OymJxmarO8gxMr0mhChsO9QGwhynfuu4+MHTAW6czfq9humCB7rKpUjDd9YUiDPU4mzpyupFSvOClAwbmQ=="
    },
    "brace-expansion": {
      "version": "1.1.11",
      "resolved": "https://registry.npmjs.org/brace-expansion/-/brace-expansion-1.1.11.tgz",
      "integrity": "sha512-iCuPHDFgrHX7H2vEI/5xpz07zSHB00TpugqhmYtVmMO6518mCuRMoOYFldEBl0g187ufozdaHgWKcYFb61qGiA==",
      "requires": {
        "balanced-match": "^1.0.0",
        "concat-map": "0.0.1"
      }
    },
    "buffer-from": {
      "version": "1.1.1",
      "resolved": "https://registry.npmjs.org/buffer-from/-/buffer-from-1.1.1.tgz",
      "integrity": "sha512-MQcXEUbCKtEo7bhqEs6560Hyd4XaovZlO/k9V3hjVUF/zwW7KBVdSK4gIt/bzwS9MbR5qob+F5jusZsb0YQK2A=="
    },
    "caller-callsite": {
      "version": "2.0.0",
      "resolved": "https://registry.npmjs.org/caller-callsite/-/caller-callsite-2.0.0.tgz",
      "integrity": "sha1-hH4PzgoiN1CpoCfFSzNzGtMVQTQ=",
      "requires": {
        "callsites": "^2.0.0"
      }
    },
    "caller-path": {
      "version": "2.0.0",
      "resolved": "https://registry.npmjs.org/caller-path/-/caller-path-2.0.0.tgz",
      "integrity": "sha1-Ro+DBE42mrIBD6xfBs7uFbsssfQ=",
      "requires": {
        "caller-callsite": "^2.0.0"
      }
    },
    "callsites": {
      "version": "2.0.0",
      "resolved": "https://registry.npmjs.org/callsites/-/callsites-2.0.0.tgz",
      "integrity": "sha1-BuuE8A7qQT2oav/vrL/7Ngk7PFA="
    },
    "camel-case": {
      "version": "3.0.0",
      "resolved": "https://registry.npmjs.org/camel-case/-/camel-case-3.0.0.tgz",
      "integrity": "sha1-yjw2iKTpzzpM2nd9xNy8cTJJz3M=",
      "requires": {
        "no-case": "^2.2.0",
        "upper-case": "^1.1.1"
      }
    },
    "change-case": {
      "version": "3.1.0",
      "resolved": "https://registry.npmjs.org/change-case/-/change-case-3.1.0.tgz",
      "integrity": "sha512-2AZp7uJZbYEzRPsFoa+ijKdvp9zsrnnt6+yFokfwEpeJm0xuJDVoxiRCAaTzyJND8GJkofo2IcKWaUZ/OECVzw==",
      "requires": {
        "camel-case": "^3.0.0",
        "constant-case": "^2.0.0",
        "dot-case": "^2.1.0",
        "header-case": "^1.0.0",
        "is-lower-case": "^1.1.0",
        "is-upper-case": "^1.1.0",
        "lower-case": "^1.1.1",
        "lower-case-first": "^1.0.0",
        "no-case": "^2.3.2",
        "param-case": "^2.1.0",
        "pascal-case": "^2.0.0",
        "path-case": "^2.1.0",
        "sentence-case": "^2.1.0",
        "snake-case": "^2.1.0",
        "swap-case": "^1.1.0",
        "title-case": "^2.1.0",
        "upper-case": "^1.1.1",
        "upper-case-first": "^1.1.0"
      }
    },
    "common-tags": {
      "version": "1.8.0",
      "resolved": "https://registry.npmjs.org/common-tags/-/common-tags-1.8.0.tgz",
      "integrity": "sha512-6P6g0uetGpW/sdyUy/iQQCbFF0kWVMSIVSyYz7Zgjcgh8mgw8PQzDNZeyZ5DQ2gM7LBoZPHmnjz8rUthkBG5tw=="
    },
    "concat-map": {
      "version": "0.0.1",
      "resolved": "https://registry.npmjs.org/concat-map/-/concat-map-0.0.1.tgz",
      "integrity": "sha1-2Klr13/Wjfd5OnMDajug1UBdR3s="
    },
    "constant-case": {
      "version": "2.0.0",
      "resolved": "https://registry.npmjs.org/constant-case/-/constant-case-2.0.0.tgz",
      "integrity": "sha1-QXV2TTidP6nI7NKRhu1gBSQ7akY=",
      "requires": {
        "snake-case": "^2.1.0",
        "upper-case": "^1.1.1"
      }
    },
    "core-js": {
      "version": "3.6.4",
      "resolved": "https://registry.npmjs.org/core-js/-/core-js-3.6.4.tgz",
      "integrity": "sha512-4paDGScNgZP2IXXilaffL9X7968RuvwlkK3xWtZRVqgd8SYNiVKRJvkFd1aqqEuPfN7E68ZHEp9hDj6lHj4Hyw=="
    },
    "cosmiconfig": {
      "version": "5.2.1",
      "resolved": "https://registry.npmjs.org/cosmiconfig/-/cosmiconfig-5.2.1.tgz",
      "integrity": "sha512-H65gsXo1SKjf8zmrJ67eJk8aIRKV5ff2D4uKZIBZShbhGSpEmsQOPW/SKMKYhSTrqR7ufy6RP69rPogdaPh/kA==",
      "requires": {
        "import-fresh": "^2.0.0",
        "is-directory": "^0.3.1",
        "js-yaml": "^3.13.1",
        "parse-json": "^4.0.0"
      }
    },
    "define-properties": {
      "version": "1.1.3",
      "resolved": "https://registry.npmjs.org/define-properties/-/define-properties-1.1.3.tgz",
      "integrity": "sha512-3MqfYKj2lLzdMSf8ZIZE/V+Zuy+BgD6f164e8K2w7dgnpKArBDerGYpM46IYYcjnkdPNMjPk9A6VFB8+3SKlXQ==",
      "requires": {
        "object-keys": "^1.0.12"
      }
    },
    "diff": {
      "version": "4.0.2",
      "resolved": "https://registry.npmjs.org/diff/-/diff-4.0.2.tgz",
      "integrity": "sha512-58lmxKSA4BNyLz+HHMUzlOEpg09FV+ev6ZMe3vJihgdxzgcwZ8VoEEPmALCZG9LmqfVoNMMKpttIYTVG6uDY7A=="
    },
    "dot-case": {
      "version": "2.1.1",
      "resolved": "https://registry.npmjs.org/dot-case/-/dot-case-2.1.1.tgz",
      "integrity": "sha1-NNzzf1Co6TwrO8qLt/uRVcfaO+4=",
      "requires": {
        "no-case": "^2.2.0"
      }
    },
    "dotenv": {
      "version": "8.2.0",
      "resolved": "https://registry.npmjs.org/dotenv/-/dotenv-8.2.0.tgz",
      "integrity": "sha512-8sJ78ElpbDJBHNeBzUbUVLsqKdccaa/BXF1uPTw3GrvQTBgrQrtObr2mUrE38vzYd8cEv+m/JBfDLioYcfXoaw=="
    },
    "emojis-list": {
      "version": "2.1.0",
      "resolved": "https://registry.npmjs.org/emojis-list/-/emojis-list-2.1.0.tgz",
      "integrity": "sha1-TapNnbAPmBmIDHn6RXrlsJof04k="
    },
    "error-ex": {
      "version": "1.3.2",
      "resolved": "https://registry.npmjs.org/error-ex/-/error-ex-1.3.2.tgz",
      "integrity": "sha512-7dFHNmqeFSEt2ZBsCriorKnn3Z2pj+fd9kmI6QoWw4//DL+icEBfc0U7qJCisqrTsKTjw4fNFy2pW9OqStD84g==",
      "requires": {
        "is-arrayish": "^0.2.1"
      }
    },
    "es-abstract": {
      "version": "1.17.4",
      "resolved": "https://registry.npmjs.org/es-abstract/-/es-abstract-1.17.4.tgz",
      "integrity": "sha512-Ae3um/gb8F0mui/jPL+QiqmglkUsaQf7FwBEHYIFkztkneosu9imhqHpBzQ3h1vit8t5iQ74t6PEVvphBZiuiQ==",
      "requires": {
        "es-to-primitive": "^1.2.1",
        "function-bind": "^1.1.1",
        "has": "^1.0.3",
        "has-symbols": "^1.0.1",
        "is-callable": "^1.1.5",
        "is-regex": "^1.0.5",
        "object-inspect": "^1.7.0",
        "object-keys": "^1.1.1",
        "object.assign": "^4.1.0",
        "string.prototype.trimleft": "^2.1.1",
        "string.prototype.trimright": "^2.1.1"
      }
    },
    "es-to-primitive": {
      "version": "1.2.1",
      "resolved": "https://registry.npmjs.org/es-to-primitive/-/es-to-primitive-1.2.1.tgz",
      "integrity": "sha512-QCOllgZJtaUo9miYBcLChTUaHNjJF3PYs1VidD7AwiEj1kYxKeQTctLAezAOH5ZKRH0g2IgPn6KwB4IT8iRpvA==",
      "requires": {
        "is-callable": "^1.1.4",
        "is-date-object": "^1.0.1",
        "is-symbol": "^1.0.2"
      }
    },
    "esprima": {
      "version": "4.0.1",
      "resolved": "https://registry.npmjs.org/esprima/-/esprima-4.0.1.tgz",
      "integrity": "sha512-eGuFFw7Upda+g4p+QHvnW0RyTX/SVeJBDM/gCtMARO0cLuT2HcEKnTPvhjV6aGeqrCB/sbNop0Kszm0jsaWU4A=="
    },
    "esutils": {
      "version": "2.0.3",
      "resolved": "https://registry.npmjs.org/esutils/-/esutils-2.0.3.tgz",
      "integrity": "sha512-kVscqXk4OCp68SZ0dkgEKVi6/8ij300KBWTJq32P/dYeWTSwK41WyTxalN1eRmA5Z9UU/LX9D7FWSmV9SAYx6g=="
    },
    "fast-json-stable-stringify": {
      "version": "2.1.0",
      "resolved": "https://registry.npmjs.org/fast-json-stable-stringify/-/fast-json-stable-stringify-2.1.0.tgz",
      "integrity": "sha512-lhd/wF+Lk98HZoTCtlVraHtfh5XYijIjalXck7saUtuanSDyLMxnHhSXEDJqHxD7msR8D0uCmqlkwjCV8xvwHw=="
    },
    "fs.realpath": {
      "version": "1.0.0",
      "resolved": "https://registry.npmjs.org/fs.realpath/-/fs.realpath-1.0.0.tgz",
      "integrity": "sha1-FQStJSMVjKpA20onh8sBQRmU6k8="
    },
    "function-bind": {
      "version": "1.1.1",
      "resolved": "https://registry.npmjs.org/function-bind/-/function-bind-1.1.1.tgz",
      "integrity": "sha512-yIovAzMX49sF8Yl58fSCWJ5svSLuaibPxXQJFLmBObTuCr0Mf1KiPopGM9NiFjiYBCbfaa2Fh6breQ6ANVTI0A=="
    },
    "glob": {
      "version": "7.1.5",
      "resolved": "https://registry.npmjs.org/glob/-/glob-7.1.5.tgz",
      "integrity": "sha512-J9dlskqUXK1OeTOYBEn5s8aMukWMwWfs+rPTn/jn50Ux4MNXVhubL1wu/j2t+H4NVI+cXEcCaYellqaPVGXNqQ==",
      "requires": {
        "fs.realpath": "^1.0.0",
        "inflight": "^1.0.4",
        "inherits": "2",
        "minimatch": "^3.0.4",
        "once": "^1.3.0",
        "path-is-absolute": "^1.0.0"
      }
    },
    "graphql-tag": {
      "version": "2.10.1",
      "resolved": "https://registry.npmjs.org/graphql-tag/-/graphql-tag-2.10.1.tgz",
      "integrity": "sha512-jApXqWBzNXQ8jYa/HLkZJaVw9jgwNqZkywa2zfFn16Iv1Zb7ELNHkJaXHR7Quvd5SIGsy6Ny7SUKATgnu05uEg=="
    },
    "has": {
      "version": "1.0.3",
      "resolved": "https://registry.npmjs.org/has/-/has-1.0.3.tgz",
      "integrity": "sha512-f2dvO0VU6Oej7RkWJGrehjbzMAjFp5/VKPp5tTpWIV4JHHZK1/BxbFRtf/siA2SWTe09caDmVtYYzWEIbBS4zw==",
      "requires": {
        "function-bind": "^1.1.1"
      }
    },
    "has-symbols": {
      "version": "1.0.1",
      "resolved": "https://registry.npmjs.org/has-symbols/-/has-symbols-1.0.1.tgz",
      "integrity": "sha512-PLcsoqu++dmEIZB+6totNFKq/7Do+Z0u4oT0zKOJNl3lYK6vGwwu2hjHs+68OEZbTjiUE9bgOABXbP/GvrS0Kg=="
    },
    "header-case": {
      "version": "1.0.1",
      "resolved": "https://registry.npmjs.org/header-case/-/header-case-1.0.1.tgz",
      "integrity": "sha1-lTWXMZfBRLCWE81l0xfvGZY70C0=",
      "requires": {
        "no-case": "^2.2.0",
        "upper-case": "^1.1.3"
      }
    },
    "import-fresh": {
      "version": "2.0.0",
      "resolved": "https://registry.npmjs.org/import-fresh/-/import-fresh-2.0.0.tgz",
      "integrity": "sha1-2BNVwVYS04bGH53dOSLUMEgipUY=",
      "requires": {
        "caller-path": "^2.0.0",
        "resolve-from": "^3.0.0"
      }
    },
    "inflected": {
      "version": "2.0.4",
      "resolved": "https://registry.npmjs.org/inflected/-/inflected-2.0.4.tgz",
      "integrity": "sha512-HQPzFLTTUvwfeUH6RAGjD8cHS069mBqXG5n4qaxX7sJXBhVQrsGgF+0ZJGkSuN6a8pcUWB/GXStta11kKi/WvA=="
    },
    "inflight": {
      "version": "1.0.6",
      "resolved": "https://registry.npmjs.org/inflight/-/inflight-1.0.6.tgz",
      "integrity": "sha1-Sb1jMdfQLQwJvJEKEHW6gWW1bfk=",
      "requires": {
        "once": "^1.3.0",
        "wrappy": "1"
      }
    },
    "inherits": {
      "version": "2.0.4",
      "resolved": "https://registry.npmjs.org/inherits/-/inherits-2.0.4.tgz",
      "integrity": "sha512-k/vGaX4/Yla3WzyMCvTQOXYeIHvqOKtnqBduzTHpzpQZzAskKMhZ2K+EnBiSM9zGSoIFeMpXKxa4dYeZIQqewQ=="
    },
    "is-arrayish": {
      "version": "0.2.1",
      "resolved": "https://registry.npmjs.org/is-arrayish/-/is-arrayish-0.2.1.tgz",
      "integrity": "sha1-d8mYQFJ6qOyxqLppe4BkWnqSap0="
    },
    "is-callable": {
      "version": "1.1.5",
      "resolved": "https://registry.npmjs.org/is-callable/-/is-callable-1.1.5.tgz",
      "integrity": "sha512-ESKv5sMCJB2jnHTWZ3O5itG+O128Hsus4K4Qh1h2/cgn2vbgnLSVqfV46AeJA9D5EeeLa9w81KUXMtn34zhX+Q=="
    },
    "is-date-object": {
      "version": "1.0.2",
      "resolved": "https://registry.npmjs.org/is-date-object/-/is-date-object-1.0.2.tgz",
      "integrity": "sha512-USlDT524woQ08aoZFzh3/Z6ch9Y/EWXEHQ/AaRN0SkKq4t2Jw2R2339tSXmwuVoY7LLlBCbOIlx2myP/L5zk0g=="
    },
    "is-directory": {
      "version": "0.3.1",
      "resolved": "https://registry.npmjs.org/is-directory/-/is-directory-0.3.1.tgz",
      "integrity": "sha1-YTObbyR1/Hcv2cnYP1yFddwVSuE="
    },
    "is-lower-case": {
      "version": "1.1.3",
      "resolved": "https://registry.npmjs.org/is-lower-case/-/is-lower-case-1.1.3.tgz",
      "integrity": "sha1-fhR75HaNxGbbO/shzGCzHmrWk5M=",
      "requires": {
        "lower-case": "^1.1.0"
      }
    },
    "is-regex": {
      "version": "1.0.5",
      "resolved": "https://registry.npmjs.org/is-regex/-/is-regex-1.0.5.tgz",
      "integrity": "sha512-vlKW17SNq44owv5AQR3Cq0bQPEb8+kF3UKZ2fiZNOWtztYE5i0CzCZxFDwO58qAOWtxdBRVO/V5Qin1wjCqFYQ==",
      "requires": {
        "has": "^1.0.3"
      }
    },
    "is-symbol": {
      "version": "1.0.3",
      "resolved": "https://registry.npmjs.org/is-symbol/-/is-symbol-1.0.3.tgz",
      "integrity": "sha512-OwijhaRSgqvhm/0ZdAcXNZt9lYdKFpcRDT5ULUuYXPoT794UNOdU+gpT6Rzo7b4V2HUl/op6GqY894AZwv9faQ==",
      "requires": {
        "has-symbols": "^1.0.1"
      }
    },
    "is-upper-case": {
      "version": "1.1.2",
      "resolved": "https://registry.npmjs.org/is-upper-case/-/is-upper-case-1.1.2.tgz",
      "integrity": "sha1-jQsfp+eTOh5YSDYA7H2WYcuvdW8=",
      "requires": {
        "upper-case": "^1.1.0"
      }
    },
    "iterall": {
      "version": "1.3.0",
      "resolved": "https://registry.npmjs.org/iterall/-/iterall-1.3.0.tgz",
      "integrity": "sha512-QZ9qOMdF+QLHxy1QIpUHUU1D5pS2CG2P69LF6L6CPjPYA/XMOmKV3PZpawHoAjHNyB0swdVTRxdYT4tbBbxqwg=="
    },
    "js-yaml": {
      "version": "3.13.1",
      "resolved": "https://registry.npmjs.org/js-yaml/-/js-yaml-3.13.1.tgz",
      "integrity": "sha512-YfbcO7jXDdyj0DGxYVSlSeQNHbD7XPWvrVWeVUujrQEoZzWJIRrCPoyk6kL6IAjAG2IolMK4T0hNUe0HOUs5Jw==",
      "requires": {
        "argparse": "^1.0.7",
        "esprima": "^4.0.0"
      }
    },
    "jsesc": {
      "version": "2.5.2",
      "resolved": "https://registry.npmjs.org/jsesc/-/jsesc-2.5.2.tgz",
      "integrity": "sha512-OYu7XEzjkCQ3C5Ps3QIZsQfNpqoJyZZA99wd9aWd05NCtC5pWOkShK2mkL6HXQR6/Cy2lbNdPlZBpuQHXE63gA=="
    },
    "json-parse-better-errors": {
      "version": "1.0.2",
      "resolved": "https://registry.npmjs.org/json-parse-better-errors/-/json-parse-better-errors-1.0.2.tgz",
      "integrity": "sha512-mrqyZKfX5EhL7hvqcV6WG1yYjnjeuYDzDhhcAAUrq8Po85NBQBJP+ZDUT75qZQ98IkUoBqdkExkukOU7Ts2wrw=="
    },
    "json5": {
      "version": "1.0.1",
      "resolved": "https://registry.npmjs.org/json5/-/json5-1.0.1.tgz",
      "integrity": "sha512-aKS4WQjPenRxiQsC93MNfjx+nbF4PAdYzmd/1JIj8HYzqfbu86beTuNgXDzPknWk0n0uARlyewZo4s++ES36Ow==",
      "requires": {
        "minimist": "^1.2.0"
      }
    },
    "loader-utils": {
      "version": "1.2.3",
      "resolved": "https://registry.npmjs.org/loader-utils/-/loader-utils-1.2.3.tgz",
      "integrity": "sha512-fkpz8ejdnEMG3s37wGL07iSBDg99O9D5yflE9RGNH3hRdx9SOwYfnGYdZOUIZitN8E+E2vkq3MUMYMvPYl5ZZA==",
      "requires": {
        "big.js": "^5.2.2",
        "emojis-list": "^2.0.0",
        "json5": "^1.0.1"
      }
    },
    "lodash": {
      "version": "4.17.15",
      "resolved": "https://registry.npmjs.org/lodash/-/lodash-4.17.15.tgz",
      "integrity": "sha512-8xOcRHvCjnocdS5cpwXQXVzmmh5e5+saE2QGoeQmbKmRS6J3VQppPOIt0MnmE+4xlZoumy0GPG0D0MVIQbNA1A=="
    },
    "lodash.debounce": {
      "version": "4.0.8",
      "resolved": "https://registry.npmjs.org/lodash.debounce/-/lodash.debounce-4.0.8.tgz",
      "integrity": "sha1-gteb/zCmfEAF/9XiUVMArZyk168="
    },
    "lodash.get": {
      "version": "4.4.2",
      "resolved": "https://registry.npmjs.org/lodash.get/-/lodash.get-4.4.2.tgz",
      "integrity": "sha1-LRd/ZS+jHpObRDjVNBSZ36OCXpk="
    },
    "lodash.merge": {
      "version": "4.6.2",
      "resolved": "https://registry.npmjs.org/lodash.merge/-/lodash.merge-4.6.2.tgz",
      "integrity": "sha512-0KpjqXRVvrYyCsX1swR/XTK0va6VQkQM6MNo7PqW77ByjAhoARA8EfrP1N4+KlKj8YS0ZUCtRT/YUuhyYDujIQ=="
    },
    "lodash.sortby": {
      "version": "4.7.0",
      "resolved": "https://registry.npmjs.org/lodash.sortby/-/lodash.sortby-4.7.0.tgz",
      "integrity": "sha1-7dFMgk4sycHgsKG0K7UhBRakJDg="
    },
    "lodash.xorby": {
      "version": "4.7.0",
      "resolved": "https://registry.npmjs.org/lodash.xorby/-/lodash.xorby-4.7.0.tgz",
      "integrity": "sha1-nBmm+fBjputT3QPBtocXmYAUY9c="
    },
    "lower-case": {
      "version": "1.1.4",
      "resolved": "https://registry.npmjs.org/lower-case/-/lower-case-1.1.4.tgz",
      "integrity": "sha1-miyr0bno4K6ZOkv31YdcOcQujqw="
    },
    "lower-case-first": {
      "version": "1.0.2",
      "resolved": "https://registry.npmjs.org/lower-case-first/-/lower-case-first-1.0.2.tgz",
      "integrity": "sha1-5dp8JvKacHO+AtUrrJmA5ZIq36E=",
      "requires": {
        "lower-case": "^1.1.2"
      }
    },
    "lru-cache": {
      "version": "5.1.1",
      "resolved": "https://registry.npmjs.org/lru-cache/-/lru-cache-5.1.1.tgz",
      "integrity": "sha512-KpNARQA3Iwv+jTA0utUVVbrh+Jlrr1Fv0e56GGzAFOXN7dk/FviaDW8LHmK52DlcH4WP2n6gI8vN1aesBFgo9w==",
      "requires": {
        "yallist": "^3.0.2"
      }
    },
    "make-error": {
      "version": "1.3.5",
      "resolved": "https://registry.npmjs.org/make-error/-/make-error-1.3.5.tgz",
      "integrity": "sha512-c3sIjNUow0+8swNwVpqoH4YCShKNFkMaw6oH1mNS2haDZQqkeZFlHS3dhoeEbKKmJB4vXpJucU6oH75aDYeE9g=="
    },
    "minimatch": {
      "version": "3.0.4",
      "resolved": "https://registry.npmjs.org/minimatch/-/minimatch-3.0.4.tgz",
      "integrity": "sha512-yJHVQEhyqPLUTgt9B83PXu6W3rx4MvvHvSUvToogpwoGDOUQ+yDrR0HRot+yOCdCO7u4hX3pWft6kWBBcqh0UA==",
      "requires": {
        "brace-expansion": "^1.1.7"
      }
    },
    "minimist": {
      "version": "1.2.0",
      "resolved": "https://registry.npmjs.org/minimist/-/minimist-1.2.0.tgz",
      "integrity": "sha1-o1AIsg9BOD7sH7kU9M1d95omQoQ="
    },
    "moment": {
      "version": "2.24.0",
      "resolved": "https://registry.npmjs.org/moment/-/moment-2.24.0.tgz",
      "integrity": "sha512-bV7f+6l2QigeBBZSM/6yTNq4P2fNpSWj/0e7jQcy87A8e7o2nAfP/34/2ky5Vw4B9S446EtIhodAzkFCcR4dQg=="
    },
    "no-case": {
      "version": "2.3.2",
      "resolved": "https://registry.npmjs.org/no-case/-/no-case-2.3.2.tgz",
      "integrity": "sha512-rmTZ9kz+f3rCvK2TD1Ue/oZlns7OGoIWP4fc3llxxRXlOkHKoWPPWJOfFYpITabSow43QJbRIoHQXtt10VldyQ==",
      "requires": {
        "lower-case": "^1.1.1"
      }
    },
    "node-fetch": {
      "version": "2.6.0",
      "resolved": "https://registry.npmjs.org/node-fetch/-/node-fetch-2.6.0.tgz",
      "integrity": "sha512-8dG4H5ujfvFiqDmVu9fQ5bOHUC15JMjMY/Zumv26oOvvVJjM67KF8koCWIabKQ1GJIa9r2mMZscBq/TbdOcmNA=="
    },
    "object-inspect": {
      "version": "1.7.0",
      "resolved": "https://registry.npmjs.org/object-inspect/-/object-inspect-1.7.0.tgz",
      "integrity": "sha512-a7pEHdh1xKIAgTySUGgLMx/xwDZskN1Ud6egYYN3EdRW4ZMPNEDUTF+hwy2LUC+Bl+SyLXANnwz/jyh/qutKUw=="
    },
    "object-keys": {
      "version": "1.1.1",
      "resolved": "https://registry.npmjs.org/object-keys/-/object-keys-1.1.1.tgz",
      "integrity": "sha512-NuAESUOUMrlIXOfHKzD6bpPu3tYt3xvjNdRIQ+FeT0lNb4K8WR70CaDxhuNguS2XG+GjkyMwOzsN5ZktImfhLA=="
    },
    "object.assign": {
      "version": "4.1.0",
      "resolved": "https://registry.npmjs.org/object.assign/-/object.assign-4.1.0.tgz",
      "integrity": "sha512-exHJeq6kBKj58mqGyTQ9DFvrZC/eR6OwxzoM9YRoGBqrXYonaFyGiFMuc9VZrXf7DarreEwMpurG3dd+CNyW5w==",
      "requires": {
        "define-properties": "^1.1.2",
        "function-bind": "^1.1.1",
        "has-symbols": "^1.0.0",
        "object-keys": "^1.0.11"
      }
    },
    "object.getownpropertydescriptors": {
      "version": "2.1.0",
      "resolved": "https://registry.npmjs.org/object.getownpropertydescriptors/-/object.getownpropertydescriptors-2.1.0.tgz",
      "integrity": "sha512-Z53Oah9A3TdLoblT7VKJaTDdXdT+lQO+cNpKVnya5JDe9uLvzu1YyY1yFDFrcxrlRgWrEFH0jJtD/IbuwjcEVg==",
      "requires": {
        "define-properties": "^1.1.3",
        "es-abstract": "^1.17.0-next.1"
      }
    },
    "once": {
      "version": "1.4.0",
      "resolved": "https://registry.npmjs.org/once/-/once-1.4.0.tgz",
      "integrity": "sha1-WDsap3WWHUsROsF9nFC6753Xa9E=",
      "requires": {
        "wrappy": "1"
      }
    },
    "param-case": {
      "version": "2.1.1",
      "resolved": "https://registry.npmjs.org/param-case/-/param-case-2.1.1.tgz",
      "integrity": "sha1-35T9jPZTHs915r75oIWPvHK+Ikc=",
      "requires": {
        "no-case": "^2.2.0"
      }
    },
    "parse-json": {
      "version": "4.0.0",
      "resolved": "https://registry.npmjs.org/parse-json/-/parse-json-4.0.0.tgz",
      "integrity": "sha1-vjX1Qlvh9/bHRxhPmKeIy5lHfuA=",
      "requires": {
        "error-ex": "^1.3.1",
        "json-parse-better-errors": "^1.0.1"
      }
    },
    "pascal-case": {
      "version": "2.0.1",
      "resolved": "https://registry.npmjs.org/pascal-case/-/pascal-case-2.0.1.tgz",
      "integrity": "sha1-LVeNNFX2YNpl7KGO+VtODekSdh4=",
      "requires": {
        "camel-case": "^3.0.0",
        "upper-case-first": "^1.1.0"
      }
    },
    "path-case": {
      "version": "2.1.1",
      "resolved": "https://registry.npmjs.org/path-case/-/path-case-2.1.1.tgz",
      "integrity": "sha1-lLgDfDctP+KQbkZbtF4l0ibo7qU=",
      "requires": {
        "no-case": "^2.2.0"
      }
    },
    "path-is-absolute": {
      "version": "1.0.1",
      "resolved": "https://registry.npmjs.org/path-is-absolute/-/path-is-absolute-1.0.1.tgz",
      "integrity": "sha1-F0uSaHNVNP+8es5r9TpanhtcX18="
    },
    "pify": {
      "version": "4.0.1",
      "resolved": "https://registry.npmjs.org/pify/-/pify-4.0.1.tgz",
      "integrity": "sha512-uB80kBFb/tfd68bVleG9T5GGsGPjJrLAUpR5PZIrhBnIaRTQRjqdJSsIKkOP6OAIFbj7GOrcudc5pNjZ+geV2g=="
    },
    "prettier": {
      "version": "1.19.1",
      "resolved": "https://registry.npmjs.org/prettier/-/prettier-1.19.1.tgz",
      "integrity": "sha512-s7PoyDv/II1ObgQunCbB9PdLmUcBZcnWOcxDh7O0N/UwDEsHyqkW+Qh28jW+mVuCdx7gLB0BotYI1Y6uI9iyew==",
      "dev": true
    },
    "private": {
      "version": "0.1.8",
      "resolved": "https://registry.npmjs.org/private/-/private-0.1.8.tgz",
      "integrity": "sha512-VvivMrbvd2nKkiG38qjULzlc+4Vx4wm/whI9pQD35YrARNnhxeiRktSOhSukRLFNlzg6Br/cJPet5J/u19r/mg=="
    },
    "recast": {
      "version": "0.18.5",
      "resolved": "https://registry.npmjs.org/recast/-/recast-0.18.5.tgz",
      "integrity": "sha512-sD1WJrpLQAkXGyQZyGzTM75WJvyAd98II5CHdK3IYbt/cZlU0UzCRVU11nUFNXX9fBVEt4E9ajkMjBlUlG+Oog==",
      "requires": {
        "ast-types": "0.13.2",
        "esprima": "~4.0.0",
        "private": "^0.1.8",
        "source-map": "~0.6.1"
      },
      "dependencies": {
        "source-map": {
          "version": "0.6.1",
          "resolved": "https://registry.npmjs.org/source-map/-/source-map-0.6.1.tgz",
          "integrity": "sha512-UjgapumWlbMhkBgzT7Ykc5YXUT46F0iKu8SGXq0bcwP5dz/h0Plj6enJqjz1Zbq2l5WaqYnrVbwWOWMyF3F47g=="
        }
      }
    },
    "resolve-from": {
      "version": "3.0.0",
      "resolved": "https://registry.npmjs.org/resolve-from/-/resolve-from-3.0.0.tgz",
      "integrity": "sha1-six699nWiBvItuZTM17rywoYh0g="
    },
    "safe-buffer": {
      "version": "5.2.0",
      "resolved": "https://registry.npmjs.org/safe-buffer/-/safe-buffer-5.2.0.tgz",
      "integrity": "sha512-fZEwUGbVl7kouZs1jCdMLdt95hdIv0ZeHg6L7qPeciMZhZ+/gdesW4wgTARkrFWEpspjEATAzUGPG8N2jJiwbg=="
    },
    "sentence-case": {
      "version": "2.1.1",
      "resolved": "https://registry.npmjs.org/sentence-case/-/sentence-case-2.1.1.tgz",
      "integrity": "sha1-H24t2jnBaL+S0T+G1KkYkz9mftQ=",
      "requires": {
        "no-case": "^2.2.0",
        "upper-case-first": "^1.1.2"
      }
    },
    "sha.js": {
      "version": "2.4.11",
      "resolved": "https://registry.npmjs.org/sha.js/-/sha.js-2.4.11.tgz",
      "integrity": "sha512-QMEp5B7cftE7APOjk5Y6xgrbWu+WkLVQwk8JNjZ8nKRciZaByEW6MubieAiToS7+dwvrjGhH8jRXz3MVd0AYqQ==",
      "requires": {
        "inherits": "^2.0.1",
        "safe-buffer": "^5.0.1"
      }
    },
    "snake-case": {
      "version": "2.1.0",
      "resolved": "https://registry.npmjs.org/snake-case/-/snake-case-2.1.0.tgz",
      "integrity": "sha1-Qb2xtz8w7GagTU4srRt2OH1NbZ8=",
      "requires": {
        "no-case": "^2.2.0"
      }
    },
    "source-map": {
      "version": "0.5.7",
      "resolved": "https://registry.npmjs.org/source-map/-/source-map-0.5.7.tgz",
      "integrity": "sha1-igOdLRAh0i0eoUyA2OpGi6LvP8w="
    },
    "source-map-support": {
      "version": "0.5.16",
      "resolved": "https://registry.npmjs.org/source-map-support/-/source-map-support-0.5.16.tgz",
      "integrity": "sha512-efyLRJDr68D9hBBNIPWFjhpFzURh+KJykQwvMyW5UiZzYwoF6l4YMMDIJJEyFWxWCqfyxLzz6tSfUFR+kXXsVQ==",
      "requires": {
        "buffer-from": "^1.0.0",
        "source-map": "^0.6.0"
      },
      "dependencies": {
        "source-map": {
          "version": "0.6.1",
          "resolved": "https://registry.npmjs.org/source-map/-/source-map-0.6.1.tgz",
          "integrity": "sha512-UjgapumWlbMhkBgzT7Ykc5YXUT46F0iKu8SGXq0bcwP5dz/h0Plj6enJqjz1Zbq2l5WaqYnrVbwWOWMyF3F47g=="
        }
      }
    },
    "sprintf-js": {
      "version": "1.0.3",
      "resolved": "https://registry.npmjs.org/sprintf-js/-/sprintf-js-1.0.3.tgz",
      "integrity": "sha1-BOaSb2YolTVPPdAVIDYzuFcpfiw="
    },
    "string.prototype.trimleft": {
      "version": "2.1.1",
      "resolved": "https://registry.npmjs.org/string.prototype.trimleft/-/string.prototype.trimleft-2.1.1.tgz",
      "integrity": "sha512-iu2AGd3PuP5Rp7x2kEZCrB2Nf41ehzh+goo8TV7z8/XDBbsvc6HQIlUl9RjkZ4oyrW1XM5UwlGl1oVEaDjg6Ag==",
      "requires": {
        "define-properties": "^1.1.3",
        "function-bind": "^1.1.1"
      }
    },
    "string.prototype.trimright": {
      "version": "2.1.1",
      "resolved": "https://registry.npmjs.org/string.prototype.trimright/-/string.prototype.trimright-2.1.1.tgz",
      "integrity": "sha512-qFvWL3/+QIgZXVmJBfpHmxLB7xsUXz6HsUmP8+5dRaC3Q7oKUv9Vo6aMCRZC1smrtyECFsIT30PqBJ1gTjAs+g==",
      "requires": {
        "define-properties": "^1.1.3",
        "function-bind": "^1.1.1"
      }
    },
    "swap-case": {
      "version": "1.1.2",
      "resolved": "https://registry.npmjs.org/swap-case/-/swap-case-1.1.2.tgz",
      "integrity": "sha1-w5IDpFhzhfrTyFCgvRvK+ggZdOM=",
      "requires": {
        "lower-case": "^1.1.1",
        "upper-case": "^1.1.1"
      }
    },
    "title-case": {
      "version": "2.1.1",
      "resolved": "https://registry.npmjs.org/title-case/-/title-case-2.1.1.tgz",
      "integrity": "sha1-PhJyFtpY0rxb7PE3q5Ha46fNj6o=",
      "requires": {
        "no-case": "^2.2.0",
        "upper-case": "^1.0.3"
      }
    },
    "to-fast-properties": {
      "version": "2.0.0",
      "resolved": "https://registry.npmjs.org/to-fast-properties/-/to-fast-properties-2.0.0.tgz",
      "integrity": "sha1-3F5pjL0HkmW8c+A3doGk5Og/YW4="
    },
    "ts-invariant": {
      "version": "0.4.4",
      "resolved": "https://registry.npmjs.org/ts-invariant/-/ts-invariant-0.4.4.tgz",
      "integrity": "sha512-uEtWkFM/sdZvRNNDL3Ehu4WVpwaulhwQszV8mrtcdeE8nN00BV9mAmQ88RkrBhFgl9gMgvjJLAQcZbnPXI9mlA==",
      "requires": {
        "tslib": "^1.9.3"
      }
    },
    "tslib": {
      "version": "1.10.0",
      "resolved": "https://registry.npmjs.org/tslib/-/tslib-1.10.0.tgz",
      "integrity": "sha512-qOebF53frne81cf0S9B41ByenJ3/IuH8yJKngAX35CmiZySA0khhkovshKK+jGCaMnVomla7gVlIcc3EvKPbTQ=="
    },
    "upper-case": {
      "version": "1.1.3",
      "resolved": "https://registry.npmjs.org/upper-case/-/upper-case-1.1.3.tgz",
      "integrity": "sha1-9rRQHC7EzdJrp4vnIilh3ndiFZg="
    },
    "upper-case-first": {
      "version": "1.1.2",
      "resolved": "https://registry.npmjs.org/upper-case-first/-/upper-case-first-1.1.2.tgz",
      "integrity": "sha1-XXm+3P8UQZUY/S7bCgUHybaFkRU=",
      "requires": {
        "upper-case": "^1.1.1"
      }
    },
    "util.promisify": {
      "version": "1.0.1",
      "resolved": "https://registry.npmjs.org/util.promisify/-/util.promisify-1.0.1.tgz",
      "integrity": "sha512-g9JpC/3He3bm38zsLupWryXHoEcS22YHthuPQSJdMy6KNrzIRzWqcsHzD/WUnqe45whVou4VIsPew37DoXWNrA==",
      "requires": {
        "define-properties": "^1.1.3",
        "es-abstract": "^1.17.2",
        "has-symbols": "^1.0.1",
        "object.getownpropertydescriptors": "^2.1.0"
      }
    },
    "vscode-jsonrpc": {
      "version": "4.0.0",
      "resolved": "https://registry.npmjs.org/vscode-jsonrpc/-/vscode-jsonrpc-4.0.0.tgz",
      "integrity": "sha512-perEnXQdQOJMTDFNv+UF3h1Y0z4iSiaN9jIlb0OqIYgosPCZGYh/MCUlkFtV2668PL69lRDO32hmvL2yiidUYg=="
    },
    "vscode-languageserver": {
      "version": "5.2.1",
      "resolved": "https://registry.npmjs.org/vscode-languageserver/-/vscode-languageserver-5.2.1.tgz",
      "integrity": "sha512-GuayqdKZqAwwaCUjDvMTAVRPJOp/SLON3mJ07eGsx/Iq9HjRymhKWztX41rISqDKhHVVyFM+IywICyZDla6U3A==",
      "requires": {
        "vscode-languageserver-protocol": "3.14.1",
        "vscode-uri": "^1.0.6"
      }
    },
    "vscode-languageserver-protocol": {
      "version": "3.14.1",
      "resolved": "https://registry.npmjs.org/vscode-languageserver-protocol/-/vscode-languageserver-protocol-3.14.1.tgz",
      "integrity": "sha512-IL66BLb2g20uIKog5Y2dQ0IiigW0XKrvmWiOvc0yXw80z3tMEzEnHjaGAb3ENuU7MnQqgnYJ1Cl2l9RvNgDi4g==",
      "requires": {
        "vscode-jsonrpc": "^4.0.0",
        "vscode-languageserver-types": "3.14.0"
      }
    },
    "vscode-languageserver-types": {
      "version": "3.14.0",
      "resolved": "https://registry.npmjs.org/vscode-languageserver-types/-/vscode-languageserver-types-3.14.0.tgz",
      "integrity": "sha512-lTmS6AlAlMHOvPQemVwo3CezxBp0sNB95KNPkqp3Nxd5VFEnuG1ByM0zlRWos0zjO3ZWtkvhal0COgiV1xIA4A=="
    },
    "vscode-uri": {
      "version": "1.0.6",
      "resolved": "https://registry.npmjs.org/vscode-uri/-/vscode-uri-1.0.6.tgz",
      "integrity": "sha512-sLI2L0uGov3wKVb9EB+vIQBl9tVP90nqRvxSoJ35vI3NjxE8jfsE5DSOhWgSunHSZmKS4OCi2jrtfxK7uyp2ww=="
    },
    "wrappy": {
      "version": "1.0.2",
      "resolved": "https://registry.npmjs.org/wrappy/-/wrappy-1.0.2.tgz",
      "integrity": "sha1-tSQ9jz7BqjXxNkYFvA0QNuMKtp8="
    },
    "yallist": {
      "version": "3.1.1",
      "resolved": "https://registry.npmjs.org/yallist/-/yallist-3.1.1.tgz",
      "integrity": "sha512-a4UGQaWPH59mOXUYnAG2ewncQS4i4F43Tv3JoAM+s2VDAmS9NsK8GpDMLrCHPksFT7h3K6TOoUNn2pb7RoXx4g=="
    },
    "yn": {
      "version": "3.1.1",
      "resolved": "https://registry.npmjs.org/yn/-/yn-3.1.1.tgz",
      "integrity": "sha512-Ux4ygGWsu2c7isFWe8Yu1YluJmqVhxqK2cLXNQA5AcC3QfbGNpM7fu0Y8b/z16pXLnFxZYvWhd3fhBY9DLmC6Q=="
    },
    "zen-observable": {
      "version": "0.8.15",
      "resolved": "https://registry.npmjs.org/zen-observable/-/zen-observable-0.8.15.tgz",
      "integrity": "sha512-PQ2PC7R9rslx84ndNBZB/Dkv8V8fZEpk83RLgXtYd0fwUgEjseMn1Dgajh2x6S8QbZAFa9p2qVCEuYZNgve0dQ=="
    },
    "zen-observable-ts": {
      "version": "0.8.20",
      "resolved": "https://registry.npmjs.org/zen-observable-ts/-/zen-observable-ts-0.8.20.tgz",
      "integrity": "sha512-2rkjiPALhOtRaDX6pWyNqK1fnP5KkJJybYebopNSn6wDG1lxBoFs2+nwwXKoA6glHIrtwrfBBy6da0stkKtTAA==",
      "requires": {
        "tslib": "^1.9.3",
        "zen-observable": "^0.8.0"
      }
    }
  }
}
